Microsoft Visual Studio Solution File, Format Version 12.00
# Visual Studio Version 18
VisualStudioVersion = 18.3.11505.172
MinimumVisualStudioVersion = 10.0.40219.1
Project("{2150E333-8FDC-42A3-9474-1A3956D46DE8}") = "src", "src", "{A7029123-C0EE-4312-AFE6-F03EC5E7848D}"
EndProject
Project("{2150E333-8FDC-42A3-9474-1A3956D46DE8}") = "Pipes", "Pipes", "{A4C5D7C8-3AB1-45D5-94A0-9EB308A2C1A9}"
EndProject
Project("{2150E333-8FDC-42A3-9474-1A3956D46DE8}") = "Watchdog", "Watchdog", "{B67FD3C9-902C-4864-98B7-ECAEC027C563}"
EndProject
Project("{2150E333-8FDC-42A3-9474-1A3956D46DE8}") = "Navigation", "Navigation", "{BEC1A5D4-6FA0-479A-B6A3-45C83B77B809}"
EndProject
Project("{2150E333-8FDC-42A3-9474-1A3956D46DE8}") = "Data", "Data", "{2EC06B73-B37D-4AEE-BAC2-99267867E871}"
EndProject
Project("{2150E333-8FDC-42A3-9474-1A3956D46DE8}") = "Devices", "Devices", "{1A009E45-5C8E-43FD-8642-E2A615A6CCB7}"
EndProject
Project("{2150E333-8FDC-42A3-9474-1A3956D46DE8}") = "apps", "apps", "{92FC2925-1455-42C4-AF1D-A5E7D336B60E}"
EndProject
Project("{2150E333-8FDC-42A3-9474-1A3956D46DE8}") = "tools", "tools", "{5A164556-3D46-45A4-99B8-81A935526399}"
EndProject
Project("{2150E333-8FDC-42A3-9474-1A3956D46DE8}") = "tests", "tests", "{48F8EB3B-CC93-4836-B56A-C5451A10F931}"
EndProject
Project("{FAE04EC0-301F-11D3-BF4B-00C04F79EFBC}") = "NekoLib.Devices", "src\Devices\NekoLib.Devices\NekoLib.Devices.csproj", "{3C186E6F-0B02-264A-6334-C0C6B3781B96}"
EndProject
Project("{FAE04EC0-301F-11D3-BF4B-00C04F79EFBC}") = "NekoLib.Navigation", "src\Navigation\NekoLib.Navigation\NekoLib.Navigation.csproj", "{2F77C19C-1E1A-6F7C-E583-FF7293F788D9}"
EndProject
Project("{FAE04EC0-301F-11D3-BF4B-00C04F79EFBC}") = "NekoLib.Navigation.WinForms", "src\Navigation\NekoLib.Navigation.WinForms\NekoLib.Navigation.WinForms.csproj", "{58841815-8B80-2CCF-1E47-E297DD8B65B9}"
EndProject
Project("{FAE04EC0-301F-11D3-BF4B-00C04F79EFBC}") = "NekoLib.Navigation.Wpf", "src\Navigation\NekoLib.Navigation.Wpf\NekoLib.Navigation.Wpf.csproj", "{6D11CFFF-3884-C84B-58AC-6F3EB3D3ED6E}"
EndProject
Project("{FAE04EC0-301F-11D3-BF4B-00C04F79EFBC}") = "NekoLib.Pipes", "src\Pipes\NekoLib.Pipes\NekoLib.Pipes.csproj", "{69486FC8-23EC-093A-2143-7AF5F5B52CCF}"
EndProject
Project("{2150E333-8FDC-42A3-9474-1A3956D46DE8}") = "Watchdog", "Watchdog", "{94E745D9-9DCA-4827-A2A1-B40C0E41C0E7}"
EndProject
Project("{2150E333-8FDC-42A3-9474-1A3956D46DE8}") = "Navigation", "Navigation", "{E493C654-9846-49D4-8FF2-33C1D535C455}"
EndProject
Project("{2150E333-8FDC-42A3-9474-1A3956D46DE8}") = "Devices", "Devices", "{42BBF981-DA4D-4084-ABE6-169A9B1C46BC}"
EndProject
Project("{2150E333-8FDC-42A3-9474-1A3956D46DE8}") = "Pipes", "Pipes", "{3DF5213B-E656-4B56-A4EE-C2FBB93211BB}"
EndProject
Project("{2150E333-8FDC-42A3-9474-1A3956D46DE8}") = "Data", "Data", "{41D97A08-3394-4E38-A9E8-3671D5106AB2}"
EndProject
Project("{FAE04EC0-301F-11D3-BF4B-00C04F79EFBC}") = "WatchdogQuickTests", "tests\NekoLib.Watchdog.Tests\Watchdog\WatchdogQuickTests.csproj", "{A00616D4-B128-6304-54D7-68DE7D8ABA37}"
EndProject
Project("{FAE04EC0-301F-11D3-BF4B-00C04F79EFBC}") = "NekoLib.Data", "src\Data\NekoLib.Data\NekoLib.Data.csproj", "{91A4AAA8-991C-F6F9-CCF5-FFA18E6FFCE0}"
EndProject
Project("{FAE04EC0-301F-11D3-BF4B-00C04F79EFBC}") = "NavigationDemo", "tests\NekoLib.Navigation.Tests\Demo\NavigationDemo.csproj", "{59F59DC0-C376-B4BC-EF56-5631CA8C8128}"
EndProject
Project("{2150E333-8FDC-42A3-9474-1A3956D46DE8}") = "Diagnostics", "Diagnostics", "{4A65A73B-E8BB-46DE-B16C-27EF18E7BB2B}"
EndProject
Project("{FAE04EC0-301F-11D3-BF4B-00C04F79EFBC}") = "NekoLib.Diagnostics", "src\Diagnostics\NekoLib.Diagnostics\NekoLib.Diagnostics.csproj", "{9DAF8F0D-3AC0-FE9E-E158-9EBFD441CCBF}"
EndProject
Project("{FAE04EC0-301F-11D3-BF4B-00C04F79EFBC}") = "NekoLib.Watchdog", "src\Watchdog\NekoLib.Watchdog\NekoLib.Watchdog.csproj", "{C27A4DC7-B7BE-ABF9-CDC6-7E2297CD8B53}"
EndProject
Project("{FAE04EC0-301F-11D3-BF4B-00C04F79EFBC}") = "NekoLib.Watchdog.Host", "src\Watchdog\NekoLib.Watchdog.Host\NekoLib.Watchdog.Host.csproj", "{1476A163-6DE0-AB75-1D2D-76BA62834860}"
EndProject
Global
	GlobalSection(SolutionConfigurationPlatforms) = preSolution
		Debug|Any CPU = Debug|Any CPU
		Release|Any CPU = Release|Any CPU
	EndGlobalSection
	GlobalSection(ProjectConfigurationPlatforms) = postSolution
		{3C186E6F-0B02-264A-6334-C0C6B3781B96}.Debug|Any CPU.ActiveCfg = Debug|Any CPU
		{3C186E6F-0B02-264A-6334-C0C6B3781B96}.Debug|Any CPU.Build.0 = Debug|Any CPU
		{3C186E6F-0B02-264A-6334-C0C6B3781B96}.Release|Any CPU.ActiveCfg = Release|Any CPU
		{3C186E6F-0B02-264A-6334-C0C6B3781B96}.Release|Any CPU.Build.0 = Release|Any CPU
		{2F77C19C-1E1A-6F7C-E583-FF7293F788D9}.Debug|Any CPU.ActiveCfg = Debug|Any CPU
		{2F77C19C-1E1A-6F7C-E583-FF7293F788D9}.Debug|Any CPU.Build.0 = Debug|Any CPU
		{2F77C19C-1E1A-6F7C-E583-FF7293F788D9}.Release|Any CPU.ActiveCfg = Release|Any CPU
		{2F77C19C-1E1A-6F7C-E583-FF7293F788D9}.Release|Any CPU.Build.0 = Release|Any CPU
		{58841815-8B80-2CCF-1E47-E297DD8B65B9}.Debug|Any CPU.ActiveCfg = Debug|Any CPU
		{58841815-8B80-2CCF-1E47-E297DD8B65B9}.Debug|Any CPU.Build.0 = Debug|Any CPU
		{58841815-8B80-2CCF-1E47-E297DD8B65B9}.Release|Any CPU.ActiveCfg = Release|Any CPU
		{58841815-8B80-2CCF-1E47-E297DD8B65B9}.Release|Any CPU.Build.0 = Release|Any CPU
		{6D11CFFF-3884-C84B-58AC-6F3EB3D3ED6E}.Debug|Any CPU.ActiveCfg = Debug|Any CPU
		{6D11CFFF-3884-C84B-58AC-6F3EB3D3ED6E}.Debug|Any CPU.Build.0 = Debug|Any CPU
		{6D11CFFF-3884-C84B-58AC-6F3EB3D3ED6E}.Release|Any CPU.ActiveCfg = Release|Any CPU
		{6D11CFFF-3884-C84B-58AC-6F3EB3D3ED6E}.Release|Any CPU.Build.0 = Release|Any CPU
		{69486FC8-23EC-093A-2143-7AF5F5B52CCF}.Debug|Any CPU.ActiveCfg = Debug|Any CPU
		{69486FC8-23EC-093A-2143-7AF5F5B52CCF}.Debug|Any CPU.Build.0 = Debug|Any CPU
		{69486FC8-23EC-093A-2143-7AF5F5B52CCF}.Release|Any CPU.ActiveCfg = Release|Any CPU
		{69486FC8-23EC-093A-2143-7AF5F5B52CCF}.Release|Any CPU.Build.0 = Release|Any CPU
		{A00616D4-B128-6304-54D7-68DE7D8ABA37}.Debug|Any CPU.ActiveCfg = Debug|Any CPU
		{A00616D4-B128-6304-54D7-68DE7D8ABA37}.Debug|Any CPU.Build.0 = Debug|Any CPU
		{A00616D4-B128-6304-54D7-68DE7D8ABA37}.Release|Any CPU.ActiveCfg = Release|Any CPU
		{A00616D4-B128-6304-54D7-68DE7D8ABA37}.Release|Any CPU.Build.0 = Release|Any CPU
		{91A4AAA8-991C-F6F9-CCF5-FFA18E6FFCE0}.Debug|Any CPU.ActiveCfg = Debug|Any CPU
		{91A4AAA8-991C-F6F9-CCF5-FFA18E6FFCE0}.Debug|Any CPU.Build.0 = Debug|Any CPU
		{91A4AAA8-991C-F6F9-CCF5-FFA18E6FFCE0}.Release|Any CPU.ActiveCfg = Release|Any CPU
		{91A4AAA8-991C-F6F9-CCF5-FFA18E6FFCE0}.Release|Any CPU.Build.0 = Release|Any CPU
		{59F59DC0-C376-B4BC-EF56-5631CA8C8128}.Debug|Any CPU.ActiveCfg = Debug|Any CPU
		{59F59DC0-C376-B4BC-EF56-5631CA8C8128}.Debug|Any CPU.Build.0 = Debug|Any CPU
		{59F59DC0-C376-B4BC-EF56-5631CA8C8128}.Release|Any CPU.ActiveCfg = Release|Any CPU
		{59F59DC0-C376-B4BC-EF56-5631CA8C8128}.Release|Any CPU.Build.0 = Release|Any CPU
		{9DAF8F0D-3AC0-FE9E-E158-9EBFD441CCBF}.Debug|Any CPU.ActiveCfg = Debug|Any CPU
		{9DAF8F0D-3AC0-FE9E-E158-9EBFD441CCBF}.Debug|Any CPU.Build.0 = Debug|Any CPU
		{9DAF8F0D-3AC0-FE9E-E158-9EBFD441CCBF}.Release|Any CPU.ActiveCfg = Release|Any CPU
		{9DAF8F0D-3AC0-FE9E-E158-9EBFD441CCBF}.Release|Any CPU.Build.0 = Release|Any CPU
		{C27A4DC7-B7BE-ABF9-CDC6-7E2297CD8B53}.Debug|Any CPU.ActiveCfg = Debug|Any CPU
		{C27A4DC7-B7BE-ABF9-CDC6-7E2297CD8B53}.Debug|Any CPU.Build.0 = Debug|Any CPU
		{C27A4DC7-B7BE-ABF9-CDC6-7E2297CD8B53}.Release|Any CPU.ActiveCfg = Release|Any CPU
		{C27A4DC7-B7BE-ABF9-CDC6-7E2297CD8B53}.Release|Any CPU.Build.0 = Release|Any CPU
		{1476A163-6DE0-AB75-1D2D-76BA62834860}.Debug|Any CPU.ActiveCfg = Debug|Any CPU
		{1476A163-6DE0-AB75-1D2D-76BA62834860}.Debug|Any CPU.Build.0 = Debug|Any CPU
		{1476A163-6DE0-AB75-1D2D-76BA62834860}.Release|Any CPU.ActiveCfg = Release|Any CPU
		{1476A163-6DE0-AB75-1D2D-76BA62834860}.Release|Any CPU.Build.0 = Release|Any CPU
	EndGlobalSection
	GlobalSection(SolutionProperties) = preSolution
		HideSolutionNode = FALSE
	EndGlobalSection
	GlobalSection(NestedProjects) = preSolution
		{A4C5D7C8-3AB1-45D5-94A0-9EB308A2C1A9} = {A7029123-C0EE-4312-AFE6-F03EC5E7848D}
		{B67FD3C9-902C-4864-98B7-ECAEC027C563} = {A7029123-C0EE-4312-AFE6-F03EC5E7848D}
		{BEC1A5D4-6FA0-479A-B6A3-45C83B77B809} = {A7029123-C0EE-4312-AFE6-F03EC5E7848D}
		{2EC06B73-B37D-4AEE-BAC2-99267867E871} = {A7029123-C0EE-4312-AFE6-F03EC5E7848D}
		{1A009E45-5C8E-43FD-8642-E2A615A6CCB7} = {A7029123-C0EE-4312-AFE6-F03EC5E7848D}
		{3C186E6F-0B02-264A-6334-C0C6B3781B96} = {1A009E45-5C8E-43FD-8642-E2A615A6CCB7}
		{2F77C19C-1E1A-6F7C-E583-FF7293F788D9} = {BEC1A5D4-6FA0-479A-B6A3-45C83B77B809}
		{58841815-8B80-2CCF-1E47-E297DD8B65B9} = {BEC1A5D4-6FA0-479A-B6A3-45C83B77B809}
		{6D11CFFF-3884-C84B-58AC-6F3EB3D3ED6E} = {BEC1A5D4-6FA0-479A-B6A3-45C83B77B809}
		{69486FC8-23EC-093A-2143-7AF5F5B52CCF} = {A4C5D7C8-3AB1-45D5-94A0-9EB308A2C1A9}
		{94E745D9-9DCA-4827-A2A1-B40C0E41C0E7} = {48F8EB3B-CC93-4836-B56A-C5451A10F931}
		{E493C654-9846-49D4-8FF2-33C1D535C455} = {48F8EB3B-CC93-4836-B56A-C5451A10F931}
		{42BBF981-DA4D-4084-ABE6-169A9B1C46BC} = {48F8EB3B-CC93-4836-B56A-C5451A10F931}
		{3DF5213B-E656-4B56-A4EE-C2FBB93211BB} = {48F8EB3B-CC93-4836-B56A-C5451A10F931}
		{41D97A08-3394-4E38-A9E8-3671D5106AB2} = {48F8EB3B-CC93-4836-B56A-C5451A10F931}
		{A00616D4-B128-6304-54D7-68DE7D8ABA37} = {94E745D9-9DCA-4827-A2A1-B40C0E41C0E7}
		{91A4AAA8-991C-F6F9-CCF5-FFA18E6FFCE0} = {2EC06B73-B37D-4AEE-BAC2-99267867E871}
		{59F59DC0-C376-B4BC-EF56-5631CA8C8128} = {E493C654-9846-49D4-8FF2-33C1D535C455}
		{4A65A73B-E8BB-46DE-B16C-27EF18E7BB2B} = {A7029123-C0EE-4312-AFE6-F03EC5E7848D}
		{9DAF8F0D-3AC0-FE9E-E158-9EBFD441CCBF} = {4A65A73B-E8BB-46DE-B16C-27EF18E7BB2B}
		{C27A4DC7-B7BE-ABF9-CDC6-7E2297CD8B53} = {B67FD3C9-902C-4864-98B7-ECAEC027C563}
		{1476A163-6DE0-AB75-1D2D-76BA62834860} = {B67FD3C9-902C-4864-98B7-ECAEC027C563}
	EndGlobalSection
	GlobalSection(ExtensibilityGlobals) = postSolution
		SolutionGuid = {A6736775-B135-4E14-B467-8F36148928D4}
	EndGlobalSection
EndGlobal
