
Microsoft Visual Studio Solution File, Format Version 12.00
# Visual Studio Version 18
VisualStudioVersion = 18.6.11806.211
MinimumVisualStudioVersion = 10.0.40219.1
Project("{2150E333-8FDC-42A3-9474-1A3956D46DE8}") = "src", "src", "{A7029123-C0EE-4312-AFE6-F03EC5E7848D}"
EndProject
Project("{2150E333-8FDC-42A3-9474-1A3956D46DE8}") = "Pipes", "Pipes", "{A4C5D7C8-3AB1-45D5-94A0-9EB308A2C1A9}"
EndProject
Project("{2150E333-8FDC-42A3-9474-1A3956D46DE8}") = "Watchdog", "Watchdog", "{B67FD3C9-902C-4864-98B7-ECAEC027C563}"
EndProject
Project("{2150E333-8FDC-42A3-9474-1A3956D46DE8}") = "Navigation", "Navigation", "{BEC1A5D4-6FA0-479A-B6A3-45C83B77B809}"
EndProject
Project("{2150E333-8FDC-42A3-9474-1A3956D46DE8}") = "Data", "Data", "{2EC06B73-B37D-4AEE-BAC2-99267867E871}"
EndProject
Project("{2150E333-8FDC-42A3-9474-1A3956D46DE8}") = "Devices", "Devices", "{1A009E45-5C8E-43FD-8642-E2A615A6CCB7}"
EndProject
Project("{2150E333-8FDC-42A3-9474-1A3956D46DE8}") = "tools", "tools", "{5A164556-3D46-45A4-99B8-81A935526399}"
EndProject
Project("{2150E333-8FDC-42A3-9474-1A3956D46DE8}") = "tests", "tests", "{48F8EB3B-CC93-4836-B56A-C5451A10F931}"
EndProject
Project("{FAE04EC0-301F-11D3-BF4B-00C04F79EFBC}") = "NekoLib.Devices", "src\Devices\NekoLib.Devices\NekoLib.Devices.csproj", "{3C186E6F-0B02-264A-6334-C0C6B3781B96}"
EndProject
Project("{FAE04EC0-301F-11D3-BF4B-00C04F79EFBC}") = "NekoLib.Navigation", "src\Navigation\NekoLib.Navigation\NekoLib.Navigation.csproj", "{2F77C19C-1E1A-6F7C-E583-FF7293F788D9}"
EndProject
Project("{FAE04EC0-301F-11D3-BF4B-00C04F79EFBC}") = "NekoLib.Navigation.WinForms", "src\Navigation\NekoLib.Navigation.WinForms\NekoLib.Navigation.WinForms.csproj", "{58841815-8B80-2CCF-1E47-E297DD8B65B9}"
EndProject
Project("{FAE04EC0-301F-11D3-BF4B-00C04F79EFBC}") = "NekoLib.Navigation.Wpf", "src\Navigation\NekoLib.Navigation.Wpf\NekoLib.Navigation.Wpf.csproj", "{6D11CFFF-3884-C84B-58AC-6F3EB3D3ED6E}"
EndProject
Project("{FAE04EC0-301F-11D3-BF4B-00C04F79EFBC}") = "NekoLib.Pipes", "src\Pipes\NekoLib.Pipes\NekoLib.Pipes.csproj", "{69486FC8-23EC-093A-2143-7AF5F5B52CCF}"
EndProject
Project("{FAE04EC0-301F-11D3-BF4B-00C04F79EFBC}") = "NekoLib.Data", "src\Data\NekoLib.Data\NekoLib.Data.csproj", "{91A4AAA8-991C-F6F9-CCF5-FFA18E6FFCE0}"
EndProject
Project("{2150E333-8FDC-42A3-9474-1A3956D46DE8}") = "Diagnostics", "Diagnostics", "{4A65A73B-E8BB-46DE-B16C-27EF18E7BB2B}"
EndProject
Project("{FAE04EC0-301F-11D3-BF4B-00C04F79EFBC}") = "NekoLib.Diagnostics", "src\Diagnostics\NekoLib.Diagnostics\NekoLib.Diagnostics.csproj", "{9DAF8F0D-3AC0-FE9E-E158-9EBFD441CCBF}"
EndProject
Project("{FAE04EC0-301F-11D3-BF4B-00C04F79EFBC}") = "NekoLib.Watchdog", "src\Watchdog\NekoLib.Watchdog\NekoLib.Watchdog.csproj", "{C27A4DC7-B7BE-ABF9-CDC6-7E2297CD8B53}"
EndProject
Project("{FAE04EC0-301F-11D3-BF4B-00C04F79EFBC}") = "NekoLib.Watchdog.Host", "src\Watchdog\NekoLib.Watchdog.Host\NekoLib.Watchdog.Host.csproj", "{1476A163-6DE0-AB75-1D2D-76BA62834860}"
EndProject
Project("{FAE04EC0-301F-11D3-BF4B-00C04F79EFBC}") = "BundlerTool", "src\Tools\BundlerTool\BundlerTool.csproj", "{FEB6449E-8C98-01E7-1F36-FBB0F5B7CE56}"
EndProject
Project("{2150E333-8FDC-42A3-9474-1A3956D46DE8}") = "NekoLib.Data.Tests", "NekoLib.Data.Tests", "{187EDBA8-ADD1-069E-E874-097FC7EF3059}"
EndProject
Project("{2150E333-8FDC-42A3-9474-1A3956D46DE8}") = "NekoLib.Navigation.Tests", "NekoLib.Navigation.Tests", "{9B0D5174-7D26-2819-DA14-3CA78139303A}"
EndProject
Project("{2150E333-8FDC-42A3-9474-1A3956D46DE8}") = "Unit", "Unit", "{5D8D1A62-E35F-A83B-B200-A2242468BF28}"
EndProject
Project("{FAE04EC0-301F-11D3-BF4B-00C04F79EFBC}") = "NekoLib.Navigation.Tests.Unit", "tests\NekoLib.Navigation.Tests\Unit\NekoLib.Navigation.Tests.Unit.csproj", "{5F4B5CCE-A15B-46F4-9FF7-D7759E5066BE}"
EndProject
Project("{2150E333-8FDC-42A3-9474-1A3956D46DE8}") = "Unit", "Unit", "{6B9A4606-B292-FBF8-D8DE-80A12BD8D47C}"
EndProject
Project("{FAE04EC0-301F-11D3-BF4B-00C04F79EFBC}") = "NekoLib.Data.Tests.Unit", "tests\NekoLib.Data.Tests\Unit\NekoLib.Data.Tests.Unit.csproj", "{6146813D-49AF-4D50-9767-C019EFB40DF1}"
EndProject
Project("{2150E333-8FDC-42A3-9474-1A3956D46DE8}") = "runtime_tests", "runtime_tests", "{AAFB6EC8-98F3-4F8B-B19D-4D115E91D47F}"
EndProject
Project("{2150E333-8FDC-42A3-9474-1A3956D46DE8}") = "NekoLib.Navigation.RuntimeTests", "NekoLib.Navigation.RuntimeTests", "{80143D25-4F68-44FC-BFC0-F762F8ED28CD}"
EndProject
Project("{2150E333-8FDC-42A3-9474-1A3956D46DE8}") = "WinForms_481", "WinForms_481", "{1D73FCEA-9C41-482C-B773-D5EDC383AB31}"
EndProject
Project("{FAE04EC0-301F-11D3-BF4B-00C04F79EFBC}") = "NekoLib.Navigation.RuntimeTests.Winforms481", "runtime_tests\WinForms_481\NekoLib.Navigation.RuntimeTests.Winforms481\NekoLib.Navigation.RuntimeTests.Winforms481.csproj", "{50DF2E14-6F96-4033-BD6C-24643A3330CF}"
EndProject
Project("{2150E333-8FDC-42A3-9474-1A3956D46DE8}") = "Mvvm", "Mvvm", "{5113EFFA-1410-70F4-E6B8-382A5F9BD1F7}"
EndProject
Project("{FAE04EC0-301F-11D3-BF4B-00C04F79EFBC}") = "NekoLib.Mvvm", "src\Mvvm\NekoLib.Mvvm\NekoLib.Mvvm.csproj", "{DAA43583-3E43-4677-AC87-BC185CA24D02}"
EndProject
Project("{2150E333-8FDC-42A3-9474-1A3956D46DE8}") = "NekoLib.Mvvm.Tests", "NekoLib.Mvvm.Tests", "{00BDE4CA-B1CA-9F49-A007-CDE710EE5D0A}"
EndProject
Project("{2150E333-8FDC-42A3-9474-1A3956D46DE8}") = "Unit", "Unit", "{4346D069-6DF4-4E53-CE91-241A340A9070}"
EndProject
Project("{FAE04EC0-301F-11D3-BF4B-00C04F79EFBC}") = "NekoLib.Mvvm.Tests.Unit", "tests\NekoLib.Mvvm.Tests\Unit\NekoLib.Mvvm.Tests.Unit.csproj", "{A80381E1-78AC-4689-890F-0A0DFDD1C21C}"
EndProject
Project("{2150E333-8FDC-42A3-9474-1A3956D46DE8}") = "NekoLib.Watchdog.Tests", "NekoLib.Watchdog.Tests", "{A9925120-AB2D-B41B-AF1B-6E99D5654CB9}"
EndProject
Project("{2150E333-8FDC-42A3-9474-1A3956D46DE8}") = "Unit", "Unit", "{DD0179EA-6328-9975-6353-3E4341823417}"
EndProject
Project("{FAE04EC0-301F-11D3-BF4B-00C04F79EFBC}") = "NekoLib.Watchdog.Tests.Unit", "tests\NekoLib.Watchdog.Tests\Unit\NekoLib.Watchdog.Tests.Unit.csproj", "{1CF4DF96-B5CB-4F86-9C5C-DA0806F12958}"
EndProject
Project("{2150E333-8FDC-42A3-9474-1A3956D46DE8}") = "Supervisor_481", "Supervisor_481", "{93A9C48E-F56D-088A-ED1B-C0FECD0E9321}"
EndProject
Project("{FAE04EC0-301F-11D3-BF4B-00C04F79EFBC}") = "NekoLib.Watchdog.RuntimeTests.Supervisor481", "runtime_tests\Supervisor_481\NekoLib.Watchdog.RuntimeTests.Supervisor481\NekoLib.Watchdog.RuntimeTests.Supervisor481.csproj", "{757DF9F8-5F8B-48BD-9356-A8DE736A3310}"
EndProject
Global
	GlobalSection(SolutionConfigurationPlatforms) = preSolution
		Debug|Any CPU = Debug|Any CPU
		Debug|x64 = Debug|x64
		Debug|x86 = Debug|x86
		Release|Any CPU = Release|Any CPU
		Release|x64 = Release|x64
		Release|x86 = Release|x86
	EndGlobalSection
	GlobalSection(ProjectConfigurationPlatforms) = postSolution
		{3C186E6F-0B02-264A-6334-C0C6B3781B96}.Debug|Any CPU.ActiveCfg = Debug|Any CPU
		{3C186E6F-0B02-264A-6334-C0C6B3781B96}.Debug|Any CPU.Build.0 = Debug|Any CPU
		{3C186E6F-0B02-264A-6334-C0C6B3781B96}.Debug|x64.ActiveCfg = Debug|Any CPU
		{3C186E6F-0B02-264A-6334-C0C6B3781B96}.Debug|x64.Build.0 = Debug|Any CPU
		{3C186E6F-0B02-264A-6334-C0C6B3781B96}.Debug|x86.ActiveCfg = Debug|Any CPU
		{3C186E6F-0B02-264A-6334-C0C6B3781B96}.Debug|x86.Build.0 = Debug|Any CPU
		{3C186E6F-0B02-264A-6334-C0C6B3781B96}.Release|Any CPU.ActiveCfg = Release|Any CPU
		{3C186E6F-0B02-264A-6334-C0C6B3781B96}.Release|Any CPU.Build.0 = Release|Any CPU
		{3C186E6F-0B02-264A-6334-C0C6B3781B96}.Release|x64.ActiveCfg = Release|Any CPU
		{3C186E6F-0B02-264A-6334-C0C6B3781B96}.Release|x64.Build.0 = Release|Any CPU
		{3C186E6F-0B02-264A-6334-C0C6B3781B96}.Release|x86.ActiveCfg = Release|Any CPU
		{3C186E6F-0B02-264A-6334-C0C6B3781B96}.Release|x86.Build.0 = Release|Any CPU
		{2F77C19C-1E1A-6F7C-E583-FF7293F788D9}.Debug|Any CPU.ActiveCfg = Debug|Any CPU
		{2F77C19C-1E1A-6F7C-E583-FF7293F788D9}.Debug|Any CPU.Build.0 = Debug|Any CPU
		{2F77C19C-1E1A-6F7C-E583-FF7293F788D9}.Debug|x64.ActiveCfg = Debug|Any CPU
		{2F77C19C-1E1A-6F7C-E583-FF7293F788D9}.Debug|x64.Build.0 = Debug|Any CPU
		{2F77C19C-1E1A-6F7C-E583-FF7293F788D9}.Debug|x86.ActiveCfg = Debug|Any CPU
		{2F77C19C-1E1A-6F7C-E583-FF7293F788D9}.Debug|x86.Build.0 = Debug|Any CPU
		{2F77C19C-1E1A-6F7C-E583-FF7293F788D9}.Release|Any CPU.ActiveCfg = Release|Any CPU
		{2F77C19C-1E1A-6F7C-E583-FF7293F788D9}.Release|Any CPU.Build.0 = Release|Any CPU
		{2F77C19C-1E1A-6F7C-E583-FF7293F788D9}.Release|x64.ActiveCfg = Release|Any CPU
		{2F77C19C-1E1A-6F7C-E583-FF7293F788D9}.Release|x64.Build.0 = Release|Any CPU
		{2F77C19C-1E1A-6F7C-E583-FF7293F788D9}.Release|x86.ActiveCfg = Release|Any CPU
		{2F77C19C-1E1A-6F7C-E583-FF7293F788D9}.Release|x86.Build.0 = Release|Any CPU
		{58841815-8B80-2CCF-1E47-E297DD8B65B9}.Debug|Any CPU.ActiveCfg = Debug|Any CPU
		{58841815-8B80-2CCF-1E47-E297DD8B65B9}.Debug|Any CPU.Build.0 = Debug|Any CPU
		{58841815-8B80-2CCF-1E47-E297DD8B65B9}.Debug|x64.ActiveCfg = Debug|Any CPU
		{58841815-8B80-2CCF-1E47-E297DD8B65B9}.Debug|x64.Build.0 = Debug|Any CPU
		{58841815-8B80-2CCF-1E47-E297DD8B65B9}.Debug|x86.ActiveCfg = Debug|Any CPU
		{58841815-8B80-2CCF-1E47-E297DD8B65B9}.Debug|x86.Build.0 = Debug|Any CPU
		{58841815-8B80-2CCF-1E47-E297DD8B65B9}.Release|Any CPU.ActiveCfg = Release|Any CPU
		{58841815-8B80-2CCF-1E47-E297DD8B65B9}.Release|Any CPU.Build.0 = Release|Any CPU
		{58841815-8B80-2CCF-1E47-E297DD8B65B9}.Release|x64.ActiveCfg = Release|Any CPU
		{58841815-8B80-2CCF-1E47-E297DD8B65B9}.Release|x64.Build.0 = Release|Any CPU
		{58841815-8B80-2CCF-1E47-E297DD8B65B9}.Release|x86.ActiveCfg = Release|Any CPU
		{58841815-8B80-2CCF-1E47-E297DD8B65B9}.Release|x86.Build.0 = Release|Any CPU
		{6D11CFFF-3884-C84B-58AC-6F3EB3D3ED6E}.Debug|Any CPU.ActiveCfg = Debug|Any CPU
		{6D11CFFF-3884-C84B-58AC-6F3EB3D3ED6E}.Debug|Any CPU.Build.0 = Debug|Any CPU
		{6D11CFFF-3884-C84B-58AC-6F3EB3D3ED6E}.Debug|x64.ActiveCfg = Debug|Any CPU
		{6D11CFFF-3884-C84B-58AC-6F3EB3D3ED6E}.Debug|x64.Build.0 = Debug|Any CPU
		{6D11CFFF-3884-C84B-58AC-6F3EB3D3ED6E}.Debug|x86.ActiveCfg = Debug|Any CPU
		{6D11CFFF-3884-C84B-58AC-6F3EB3D3ED6E}.Debug|x86.Build.0 = Debug|Any CPU
		{6D11CFFF-3884-C84B-58AC-6F3EB3D3ED6E}.Release|Any CPU.ActiveCfg = Release|Any CPU
		{6D11CFFF-3884-C84B-58AC-6F3EB3D3ED6E}.Release|Any CPU.Build.0 = Release|Any CPU
		{6D11CFFF-3884-C84B-58AC-6F3EB3D3ED6E}.Release|x64.ActiveCfg = Release|Any CPU
		{6D11CFFF-3884-C84B-58AC-6F3EB3D3ED6E}.Release|x64.Build.0 = Release|Any CPU
		{6D11CFFF-3884-C84B-58AC-6F3EB3D3ED6E}.Release|x86.ActiveCfg = Release|Any CPU
		{6D11CFFF-3884-C84B-58AC-6F3EB3D3ED6E}.Release|x86.Build.0 = Release|Any CPU
		{69486FC8-23EC-093A-2143-7AF5F5B52CCF}.Debug|Any CPU.ActiveCfg = Debug|Any CPU
		{69486FC8-23EC-093A-2143-7AF5F5B52CCF}.Debug|Any CPU.Build.0 = Debug|Any CPU
		{69486FC8-23EC-093A-2143-7AF5F5B52CCF}.Debug|x64.ActiveCfg = Debug|Any CPU
		{69486FC8-23EC-093A-2143-7AF5F5B52CCF}.Debug|x64.Build.0 = Debug|Any CPU
		{69486FC8-23EC-093A-2143-7AF5F5B52CCF}.Debug|x86.ActiveCfg = Debug|Any CPU
		{69486FC8-23EC-093A-2143-7AF5F5B52CCF}.Debug|x86.Build.0 = Debug|Any CPU
		{69486FC8-23EC-093A-2143-7AF5F5B52CCF}.Release|Any CPU.ActiveCfg = Release|Any CPU
		{69486FC8-23EC-093A-2143-7AF5F5B52CCF}.Release|Any CPU.Build.0 = Release|Any CPU
		{69486FC8-23EC-093A-2143-7AF5F5B52CCF}.Release|x64.ActiveCfg = Release|Any CPU
		{69486FC8-23EC-093A-2143-7AF5F5B52CCF}.Release|x64.Build.0 = Release|Any CPU
		{69486FC8-23EC-093A-2143-7AF5F5B52CCF}.Release|x86.ActiveCfg = Release|Any CPU
		{69486FC8-23EC-093A-2143-7AF5F5B52CCF}.Release|x86.Build.0 = Release|Any CPU
		{91A4AAA8-991C-F6F9-CCF5-FFA18E6FFCE0}.Debug|Any CPU.ActiveCfg = Debug|Any CPU
		{91A4AAA8-991C-F6F9-CCF5-FFA18E6FFCE0}.Debug|Any CPU.Build.0 = Debug|Any CPU
		{91A4AAA8-991C-F6F9-CCF5-FFA18E6FFCE0}.Debug|x64.ActiveCfg = Debug|Any CPU
		{91A4AAA8-991C-F6F9-CCF5-FFA18E6FFCE0}.Debug|x64.Build.0 = Debug|Any CPU
		{91A4AAA8-991C-F6F9-CCF5-FFA18E6FFCE0}.Debug|x86.ActiveCfg = Debug|Any CPU
		{91A4AAA8-991C-F6F9-CCF5-FFA18E6FFCE0}.Debug|x86.Build.0 = Debug|Any CPU
		{91A4AAA8-991C-F6F9-CCF5-FFA18E6FFCE0}.Release|Any CPU.ActiveCfg = Release|Any CPU
		{91A4AAA8-991C-F6F9-CCF5-FFA18E6FFCE0}.Release|Any CPU.Build.0 = Release|Any CPU
		{91A4AAA8-991C-F6F9-CCF5-FFA18E6FFCE0}.Release|x64.ActiveCfg = Release|Any CPU
		{91A4AAA8-991C-F6F9-CCF5-FFA18E6FFCE0}.Release|x64.Build.0 = Release|Any CPU
		{91A4AAA8-991C-F6F9-CCF5-FFA18E6FFCE0}.Release|x86.ActiveCfg = Release|Any CPU
		{91A4AAA8-991C-F6F9-CCF5-FFA18E6FFCE0}.Release|x86.Build.0 = Release|Any CPU
		{9DAF8F0D-3AC0-FE9E-E158-9EBFD441CCBF}.Debug|Any CPU.ActiveCfg = Debug|Any CPU
		{9DAF8F0D-3AC0-FE9E-E158-9EBFD441CCBF}.Debug|Any CPU.Build.0 = Debug|Any CPU
		{9DAF8F0D-3AC0-FE9E-E158-9EBFD441CCBF}.Debug|x64.ActiveCfg = Debug|Any CPU
		{9DAF8F0D-3AC0-FE9E-E158-9EBFD441CCBF}.Debug|x64.Build.0 = Debug|Any CPU
		{9DAF8F0D-3AC0-FE9E-E158-9EBFD441CCBF}.Debug|x86.ActiveCfg = Debug|Any CPU
		{9DAF8F0D-3AC0-FE9E-E158-9EBFD441CCBF}.Debug|x86.Build.0 = Debug|Any CPU
		{9DAF8F0D-3AC0-FE9E-E158-9EBFD441CCBF}.Release|Any CPU.ActiveCfg = Release|Any CPU
		{9DAF8F0D-3AC0-FE9E-E158-9EBFD441CCBF}.Release|Any CPU.Build.0 = Release|Any CPU
		{9DAF8F0D-3AC0-FE9E-E158-9EBFD441CCBF}.Release|x64.ActiveCfg = Release|Any CPU
		{9DAF8F0D-3AC0-FE9E-E158-9EBFD441CCBF}.Release|x64.Build.0 = Release|Any CPU
		{9DAF8F0D-3AC0-FE9E-E158-9EBFD441CCBF}.Release|x86.ActiveCfg = Release|Any CPU
		{9DAF8F0D-3AC0-FE9E-E158-9EBFD441CCBF}.Release|x86.Build.0 = Release|Any CPU
		{C27A4DC7-B7BE-ABF9-CDC6-7E2297CD8B53}.Debug|Any CPU.ActiveCfg = Debug|Any CPU
		{C27A4DC7-B7BE-ABF9-CDC6-7E2297CD8B53}.Debug|Any CPU.Build.0 = Debug|Any CPU
		{C27A4DC7-B7BE-ABF9-CDC6-7E2297CD8B53}.Debug|x64.ActiveCfg = Debug|Any CPU
		{C27A4DC7-B7BE-ABF9-CDC6-7E2297CD8B53}.Debug|x64.Build.0 = Debug|Any CPU
		{C27A4DC7-B7BE-ABF9-CDC6-7E2297CD8B53}.Debug|x86.ActiveCfg = Debug|Any CPU
		{C27A4DC7-B7BE-ABF9-CDC6-7E2297CD8B53}.Debug|x86.Build.0 = Debug|Any CPU
		{C27A4DC7-B7BE-ABF9-CDC6-7E2297CD8B53}.Release|Any CPU.ActiveCfg = Release|Any CPU
		{C27A4DC7-B7BE-ABF9-CDC6-7E2297CD8B53}.Release|Any CPU.Build.0 = Release|Any CPU
		{C27A4DC7-B7BE-ABF9-CDC6-7E2297CD8B53}.Release|x64.ActiveCfg = Release|Any CPU
		{C27A4DC7-B7BE-ABF9-CDC6-7E2297CD8B53}.Release|x64.Build.0 = Release|Any CPU
		{C27A4DC7-B7BE-ABF9-CDC6-7E2297CD8B53}.Release|x86.ActiveCfg = Release|Any CPU
		{C27A4DC7-B7BE-ABF9-CDC6-7E2297CD8B53}.Release|x86.Build.0 = Release|Any CPU
		{1476A163-6DE0-AB75-1D2D-76BA62834860}.Debug|Any CPU.ActiveCfg = Debug|Any CPU
		{1476A163-6DE0-AB75-1D2D-76BA62834860}.Debug|Any CPU.Build.0 = Debug|Any CPU
		{1476A163-6DE0-AB75-1D2D-76BA62834860}.Debug|x64.ActiveCfg = Debug|Any CPU
		{1476A163-6DE0-AB75-1D2D-76BA62834860}.Debug|x64.Build.0 = Debug|Any CPU
		{1476A163-6DE0-AB75-1D2D-76BA62834860}.Debug|x86.ActiveCfg = Debug|Any CPU
		{1476A163-6DE0-AB75-1D2D-76BA62834860}.Debug|x86.Build.0 = Debug|Any CPU
		{1476A163-6DE0-AB75-1D2D-76BA62834860}.Release|Any CPU.ActiveCfg = Release|Any CPU
		{1476A163-6DE0-AB75-1D2D-76BA62834860}.Release|Any CPU.Build.0 = Release|Any CPU
		{1476A163-6DE0-AB75-1D2D-76BA62834860}.Release|x64.ActiveCfg = Release|Any CPU
		{1476A163-6DE0-AB75-1D2D-76BA62834860}.Release|x64.Build.0 = Release|Any CPU
		{1476A163-6DE0-AB75-1D2D-76BA62834860}.Release|x86.ActiveCfg = Release|Any CPU
		{1476A163-6DE0-AB75-1D2D-76BA62834860}.Release|x86.Build.0 = Release|Any CPU
		{FEB6449E-8C98-01E7-1F36-FBB0F5B7CE56}.Debug|Any CPU.ActiveCfg = Debug|Any CPU
		{FEB6449E-8C98-01E7-1F36-FBB0F5B7CE56}.Debug|Any CPU.Build.0 = Debug|Any CPU
		{FEB6449E-8C98-01E7-1F36-FBB0F5B7CE56}.Debug|x64.ActiveCfg = Debug|Any CPU
		{FEB6449E-8C98-01E7-1F36-FBB0F5B7CE56}.Debug|x64.Build.0 = Debug|Any CPU
		{FEB6449E-8C98-01E7-1F36-FBB0F5B7CE56}.Debug|x86.ActiveCfg = Debug|Any CPU
		{FEB6449E-8C98-01E7-1F36-FBB0F5B7CE56}.Debug|x86.Build.0 = Debug|Any CPU
		{FEB6449E-8C98-01E7-1F36-FBB0F5B7CE56}.Release|Any CPU.ActiveCfg = Release|Any CPU
		{FEB6449E-8C98-01E7-1F36-FBB0F5B7CE56}.Release|Any CPU.Build.0 = Release|Any CPU
		{FEB6449E-8C98-01E7-1F36-FBB0F5B7CE56}.Release|x64.ActiveCfg = Release|Any CPU
		{FEB6449E-8C98-01E7-1F36-FBB0F5B7CE56}.Release|x64.Build.0 = Release|Any CPU
		{FEB6449E-8C98-01E7-1F36-FBB0F5B7CE56}.Release|x86.ActiveCfg = Release|Any CPU
		{FEB6449E-8C98-01E7-1F36-FBB0F5B7CE56}.Release|x86.Build.0 = Release|Any CPU
		{5F4B5CCE-A15B-46F4-9FF7-D7759E5066BE}.Debug|Any CPU.ActiveCfg = Debug|Any CPU
		{5F4B5CCE-A15B-46F4-9FF7-D7759E5066BE}.Debug|Any CPU.Build.0 = Debug|Any CPU
		{5F4B5CCE-A15B-46F4-9FF7-D7759E5066BE}.Debug|x64.ActiveCfg = Debug|Any CPU
		{5F4B5CCE-A15B-46F4-9FF7-D7759E5066BE}.Debug|x64.Build.0 = Debug|Any CPU
		{5F4B5CCE-A15B-46F4-9FF7-D7759E5066BE}.Debug|x86.ActiveCfg = Debug|Any CPU
		{5F4B5CCE-A15B-46F4-9FF7-D7759E5066BE}.Debug|x86.Build.0 = Debug|Any CPU
		{5F4B5CCE-A15B-46F4-9FF7-D7759E5066BE}.Release|Any CPU.ActiveCfg = Release|Any CPU
		{5F4B5CCE-A15B-46F4-9FF7-D7759E5066BE}.Release|Any CPU.Build.0 = Release|Any CPU
		{5F4B5CCE-A15B-46F4-9FF7-D7759E5066BE}.Release|x64.ActiveCfg = Release|Any CPU
		{5F4B5CCE-A15B-46F4-9FF7-D7759E5066BE}.Release|x64.Build.0 = Release|Any CPU
		{5F4B5CCE-A15B-46F4-9FF7-D7759E5066BE}.Release|x86.ActiveCfg = Release|Any CPU
		{5F4B5CCE-A15B-46F4-9FF7-D7759E5066BE}.Release|x86.Build.0 = Release|Any CPU
		{6146813D-49AF-4D50-9767-C019EFB40DF1}.Debug|Any CPU.ActiveCfg = Debug|Any CPU
		{6146813D-49AF-4D50-9767-C019EFB40DF1}.Debug|Any CPU.Build.0 = Debug|Any CPU
		{6146813D-49AF-4D50-9767-C019EFB40DF1}.Debug|x64.ActiveCfg = Debug|Any CPU
		{6146813D-49AF-4D50-9767-C019EFB40DF1}.Debug|x64.Build.0 = Debug|Any CPU
		{6146813D-49AF-4D50-9767-C019EFB40DF1}.Debug|x86.ActiveCfg = Debug|Any CPU
		{6146813D-49AF-4D50-9767-C019EFB40DF1}.Debug|x86.Build.0 = Debug|Any CPU
		{6146813D-49AF-4D50-9767-C019EFB40DF1}.Release|Any CPU.ActiveCfg = Release|Any CPU
		{6146813D-49AF-4D50-9767-C019EFB40DF1}.Release|Any CPU.Build.0 = Release|Any CPU
		{6146813D-49AF-4D50-9767-C019EFB40DF1}.Release|x64.ActiveCfg = Release|Any CPU
		{6146813D-49AF-4D50-9767-C019EFB40DF1}.Release|x64.Build.0 = Release|Any CPU
		{6146813D-49AF-4D50-9767-C019EFB40DF1}.Release|x86.ActiveCfg = Release|Any CPU
		{6146813D-49AF-4D50-9767-C019EFB40DF1}.Release|x86.Build.0 = Release|Any CPU
		{50DF2E14-6F96-4033-BD6C-24643A3330CF}.Debug|Any CPU.ActiveCfg = Debug|Any CPU
		{50DF2E14-6F96-4033-BD6C-24643A3330CF}.Debug|Any CPU.Build.0 = Debug|Any CPU
		{50DF2E14-6F96-4033-BD6C-24643A3330CF}.Debug|x64.ActiveCfg = Debug|Any CPU
		{50DF2E14-6F96-4033-BD6C-24643A3330CF}.Debug|x64.Build.0 = Debug|Any CPU
		{50DF2E14-6F96-4033-BD6C-24643A3330CF}.Debug|x86.ActiveCfg = Debug|Any CPU
		{50DF2E14-6F96-4033-BD6C-24643A3330CF}.Debug|x86.Build.0 = Debug|Any CPU
		{50DF2E14-6F96-4033-BD6C-24643A3330CF}.Release|Any CPU.ActiveCfg = Release|Any CPU
		{50DF2E14-6F96-4033-BD6C-24643A3330CF}.Release|Any CPU.Build.0 = Release|Any CPU
		{50DF2E14-6F96-4033-BD6C-24643A3330CF}.Release|x64.ActiveCfg = Release|Any CPU
		{50DF2E14-6F96-4033-BD6C-24643A3330CF}.Release|x64.Build.0 = Release|Any CPU
		{50DF2E14-6F96-4033-BD6C-24643A3330CF}.Release|x86.ActiveCfg = Release|Any CPU
		{50DF2E14-6F96-4033-BD6C-24643A3330CF}.Release|x86.Build.0 = Release|Any CPU
		{DAA43583-3E43-4677-AC87-BC185CA24D02}.Debug|Any CPU.ActiveCfg = Debug|Any CPU
		{DAA43583-3E43-4677-AC87-BC185CA24D02}.Debug|Any CPU.Build.0 = Debug|Any CPU
		{DAA43583-3E43-4677-AC87-BC185CA24D02}.Debug|x64.ActiveCfg = Debug|Any CPU
		{DAA43583-3E43-4677-AC87-BC185CA24D02}.Debug|x64.Build.0 = Debug|Any CPU
		{DAA43583-3E43-4677-AC87-BC185CA24D02}.Debug|x86.ActiveCfg = Debug|Any CPU
		{DAA43583-3E43-4677-AC87-BC185CA24D02}.Debug|x86.Build.0 = Debug|Any CPU
		{DAA43583-3E43-4677-AC87-BC185CA24D02}.Release|Any CPU.ActiveCfg = Release|Any CPU
		{DAA43583-3E43-4677-AC87-BC185CA24D02}.Release|Any CPU.Build.0 = Release|Any CPU
		{DAA43583-3E43-4677-AC87-BC185CA24D02}.Release|x64.ActiveCfg = Release|Any CPU
		{DAA43583-3E43-4677-AC87-BC185CA24D02}.Release|x64.Build.0 = Release|Any CPU
		{DAA43583-3E43-4677-AC87-BC185CA24D02}.Release|x86.ActiveCfg = Release|Any CPU
		{DAA43583-3E43-4677-AC87-BC185CA24D02}.Release|x86.Build.0 = Release|Any CPU
		{A80381E1-78AC-4689-890F-0A0DFDD1C21C}.Debug|Any CPU.ActiveCfg = Debug|Any CPU
		{A80381E1-78AC-4689-890F-0A0DFDD1C21C}.Debug|Any CPU.Build.0 = Debug|Any CPU
		{A80381E1-78AC-4689-890F-0A0DFDD1C21C}.Debug|x64.ActiveCfg = Debug|Any CPU
		{A80381E1-78AC-4689-890F-0A0DFDD1C21C}.Debug|x64.Build.0 = Debug|Any CPU
		{A80381E1-78AC-4689-890F-0A0DFDD1C21C}.Debug|x86.ActiveCfg = Debug|Any CPU
		{A80381E1-78AC-4689-890F-0A0DFDD1C21C}.Debug|x86.Build.0 = Debug|Any CPU
		{A80381E1-78AC-4689-890F-0A0DFDD1C21C}.Release|Any CPU.ActiveCfg = Release|Any CPU
		{A80381E1-78AC-4689-890F-0A0DFDD1C21C}.Release|Any CPU.Build.0 = Release|Any CPU
		{A80381E1-78AC-4689-890F-0A0DFDD1C21C}.Release|x64.ActiveCfg = Release|Any CPU
		{A80381E1-78AC-4689-890F-0A0DFDD1C21C}.Release|x64.Build.0 = Release|Any CPU
		{A80381E1-78AC-4689-890F-0A0DFDD1C21C}.Release|x86.ActiveCfg = Release|Any CPU
		{A80381E1-78AC-4689-890F-0A0DFDD1C21C}.Release|x86.Build.0 = Release|Any CPU
		{1CF4DF96-B5CB-4F86-9C5C-DA0806F12958}.Debug|Any CPU.ActiveCfg = Debug|Any CPU
		{1CF4DF96-B5CB-4F86-9C5C-DA0806F12958}.Debug|Any CPU.Build.0 = Debug|Any CPU
		{1CF4DF96-B5CB-4F86-9C5C-DA0806F12958}.Debug|x64.ActiveCfg = Debug|Any CPU
		{1CF4DF96-B5CB-4F86-9C5C-DA0806F12958}.Debug|x64.Build.0 = Debug|Any CPU
		{1CF4DF96-B5CB-4F86-9C5C-DA0806F12958}.Debug|x86.ActiveCfg = Debug|Any CPU
		{1CF4DF96-B5CB-4F86-9C5C-DA0806F12958}.Debug|x86.Build.0 = Debug|Any CPU
		{1CF4DF96-B5CB-4F86-9C5C-DA0806F12958}.Release|Any CPU.ActiveCfg = Release|Any CPU
		{1CF4DF96-B5CB-4F86-9C5C-DA0806F12958}.Release|Any CPU.Build.0 = Release|Any CPU
		{1CF4DF96-B5CB-4F86-9C5C-DA0806F12958}.Release|x64.ActiveCfg = Release|Any CPU
		{1CF4DF96-B5CB-4F86-9C5C-DA0806F12958}.Release|x64.Build.0 = Release|Any CPU
		{1CF4DF96-B5CB-4F86-9C5C-DA0806F12958}.Release|x86.ActiveCfg = Release|Any CPU
		{1CF4DF96-B5CB-4F86-9C5C-DA0806F12958}.Release|x86.Build.0 = Release|Any CPU
		{757DF9F8-5F8B-48BD-9356-A8DE736A3310}.Debug|Any CPU.ActiveCfg = Debug|Any CPU
		{757DF9F8-5F8B-48BD-9356-A8DE736A3310}.Debug|Any CPU.Build.0 = Debug|Any CPU
		{757DF9F8-5F8B-48BD-9356-A8DE736A3310}.Debug|x64.ActiveCfg = Debug|Any CPU
		{757DF9F8-5F8B-48BD-9356-A8DE736A3310}.Debug|x64.Build.0 = Debug|Any CPU
		{757DF9F8-5F8B-48BD-9356-A8DE736A3310}.Debug|x86.ActiveCfg = Debug|Any CPU
		{757DF9F8-5F8B-48BD-9356-A8DE736A3310}.Debug|x86.Build.0 = Debug|Any CPU
		{757DF9F8-5F8B-48BD-9356-A8DE736A3310}.Release|Any CPU.ActiveCfg = Release|Any CPU
		{757DF9F8-5F8B-48BD-9356-A8DE736A3310}.Release|Any CPU.Build.0 = Release|Any CPU
		{757DF9F8-5F8B-48BD-9356-A8DE736A3310}.Release|x64.ActiveCfg = Release|Any CPU
		{757DF9F8-5F8B-48BD-9356-A8DE736A3310}.Release|x64.Build.0 = Release|Any CPU
		{757DF9F8-5F8B-48BD-9356-A8DE736A3310}.Release|x86.ActiveCfg = Release|Any CPU
		{757DF9F8-5F8B-48BD-9356-A8DE736A3310}.Release|x86.Build.0 = Release|Any CPU
	EndGlobalSection
	GlobalSection(SolutionProperties) = preSolution
		HideSolutionNode = FALSE
	EndGlobalSection
	GlobalSection(NestedProjects) = preSolution
		{A4C5D7C8-3AB1-45D5-94A0-9EB308A2C1A9} = {A7029123-C0EE-4312-AFE6-F03EC5E7848D}
		{B67FD3C9-902C-4864-98B7-ECAEC027C563} = {A7029123-C0EE-4312-AFE6-F03EC5E7848D}
		{BEC1A5D4-6FA0-479A-B6A3-45C83B77B809} = {A7029123-C0EE-4312-AFE6-F03EC5E7848D}
		{2EC06B73-B37D-4AEE-BAC2-99267867E871} = {A7029123-C0EE-4312-AFE6-F03EC5E7848D}
		{1A009E45-5C8E-43FD-8642-E2A615A6CCB7} = {A7029123-C0EE-4312-AFE6-F03EC5E7848D}
		{3C186E6F-0B02-264A-6334-C0C6B3781B96} = {1A009E45-5C8E-43FD-8642-E2A615A6CCB7}
		{2F77C19C-1E1A-6F7C-E583-FF7293F788D9} = {BEC1A5D4-6FA0-479A-B6A3-45C83B77B809}
		{58841815-8B80-2CCF-1E47-E297DD8B65B9} = {BEC1A5D4-6FA0-479A-B6A3-45C83B77B809}
		{6D11CFFF-3884-C84B-58AC-6F3EB3D3ED6E} = {BEC1A5D4-6FA0-479A-B6A3-45C83B77B809}
		{69486FC8-23EC-093A-2143-7AF5F5B52CCF} = {A4C5D7C8-3AB1-45D5-94A0-9EB308A2C1A9}
		{91A4AAA8-991C-F6F9-CCF5-FFA18E6FFCE0} = {2EC06B73-B37D-4AEE-BAC2-99267867E871}
		{4A65A73B-E8BB-46DE-B16C-27EF18E7BB2B} = {A7029123-C0EE-4312-AFE6-F03EC5E7848D}
		{9DAF8F0D-3AC0-FE9E-E158-9EBFD441CCBF} = {4A65A73B-E8BB-46DE-B16C-27EF18E7BB2B}
		{C27A4DC7-B7BE-ABF9-CDC6-7E2297CD8B53} = {B67FD3C9-902C-4864-98B7-ECAEC027C563}
		{1476A163-6DE0-AB75-1D2D-76BA62834860} = {B67FD3C9-902C-4864-98B7-ECAEC027C563}
		{FEB6449E-8C98-01E7-1F36-FBB0F5B7CE56} = {5A164556-3D46-45A4-99B8-81A935526399}
		{187EDBA8-ADD1-069E-E874-097FC7EF3059} = {48F8EB3B-CC93-4836-B56A-C5451A10F931}
		{9B0D5174-7D26-2819-DA14-3CA78139303A} = {48F8EB3B-CC93-4836-B56A-C5451A10F931}
		{5D8D1A62-E35F-A83B-B200-A2242468BF28} = {9B0D5174-7D26-2819-DA14-3CA78139303A}
		{5F4B5CCE-A15B-46F4-9FF7-D7759E5066BE} = {5D8D1A62-E35F-A83B-B200-A2242468BF28}
		{6B9A4606-B292-FBF8-D8DE-80A12BD8D47C} = {187EDBA8-ADD1-069E-E874-097FC7EF3059}
		{6146813D-49AF-4D50-9767-C019EFB40DF1} = {6B9A4606-B292-FBF8-D8DE-80A12BD8D47C}
		{80143D25-4F68-44FC-BFC0-F762F8ED28CD} = {AAFB6EC8-98F3-4F8B-B19D-4D115E91D47F}
		{1D73FCEA-9C41-482C-B773-D5EDC383AB31} = {80143D25-4F68-44FC-BFC0-F762F8ED28CD}
		{50DF2E14-6F96-4033-BD6C-24643A3330CF} = {1D73FCEA-9C41-482C-B773-D5EDC383AB31}
		{5113EFFA-1410-70F4-E6B8-382A5F9BD1F7} = {A7029123-C0EE-4312-AFE6-F03EC5E7848D}
		{DAA43583-3E43-4677-AC87-BC185CA24D02} = {5113EFFA-1410-70F4-E6B8-382A5F9BD1F7}
		{00BDE4CA-B1CA-9F49-A007-CDE710EE5D0A} = {48F8EB3B-CC93-4836-B56A-C5451A10F931}
		{4346D069-6DF4-4E53-CE91-241A340A9070} = {00BDE4CA-B1CA-9F49-A007-CDE710EE5D0A}
		{A80381E1-78AC-4689-890F-0A0DFDD1C21C} = {4346D069-6DF4-4E53-CE91-241A340A9070}
		{A9925120-AB2D-B41B-AF1B-6E99D5654CB9} = {48F8EB3B-CC93-4836-B56A-C5451A10F931}
		{DD0179EA-6328-9975-6353-3E4341823417} = {A9925120-AB2D-B41B-AF1B-6E99D5654CB9}
		{1CF4DF96-B5CB-4F86-9C5C-DA0806F12958} = {DD0179EA-6328-9975-6353-3E4341823417}
		{93A9C48E-F56D-088A-ED1B-C0FECD0E9321} = {AAFB6EC8-98F3-4F8B-B19D-4D115E91D47F}
		{757DF9F8-5F8B-48BD-9356-A8DE736A3310} = {93A9C48E-F56D-088A-ED1B-C0FECD0E9321}
	EndGlobalSection
	GlobalSection(ExtensibilityGlobals) = postSolution
		SolutionGuid = {A6736775-B135-4E14-B467-8F36148928D4}
	EndGlobalSection
EndGlobal
