Microsoft Visual Studio Solution File, Format Version 12.00
# Visual Studio Version 17
VisualStudioVersion = 17.14.36221.1
MinimumVisualStudioVersion = 10.0.40219.1
Project("{FAE04EC0-301F-11D3-BF4B-00C04F79EFBC}") = "NekoLib.Devices", "NekoLib.Devices\NekoLib.Devices.csproj", "{4AE3BCDA-3731-8967-0271-3229DD2F034D}"
EndProject
Project("{2150E333-8FDC-42A3-9474-1A3956D46DE8}") = "NekoLib.Data", "NekoLib.Data", "{02EA681E-C7D8-13C7-8484-4AC65E1B71E8}"
EndProject
Project("{2150E333-8FDC-42A3-9474-1A3956D46DE8}") = "NekoLib.Devices", "NekoLib.Devices", "{7DC331D0-3EC4-40A6-69FB-1CBEB2E0D1EA}"
EndProject
Project("{2150E333-8FDC-42A3-9474-1A3956D46DE8}") = "NekoLib.Runtime.Watchdog", "NekoLib.Runtime.Watchdog", "{643747C7-0307-8931-84D8-A7D1915E22E5}"
EndProject
Project("{FAE04EC0-301F-11D3-BF4B-00C04F79EFBC}") = "NekoLib", "NekoLib\NekoLib.csproj", "{08F2DB7D-CD39-4F0A-85A9-51094CF7A26B}"
EndProject
Project("{2150E333-8FDC-42A3-9474-1A3956D46DE8}") = "NekoLib.Navigation", "NekoLib.Navigation", "{F3BB3910-8186-4204-BA94-221C617FAA58}"
EndProject
Project("{FAE04EC0-301F-11D3-BF4B-00C04F79EFBC}") = "NekoLib.Navigation", "NekoLib.Navigation\PageNav\NekoLib.Navigation.csproj", "{9C8C117F-8D9E-A7DE-4271-14D3B3E619CE}"
EndProject
Project("{FAE04EC0-301F-11D3-BF4B-00C04F79EFBC}") = "NekoLib.Navigation.WinForms", "NekoLib.Navigation\PageNav.WinForms\NekoLib.Navigation.WinForms.csproj", "{0B883EB5-6DC5-69C7-684C-84E434B411F2}"
EndProject
Project("{FAE04EC0-301F-11D3-BF4B-00C04F79EFBC}") = "NekoLib.Navigation.Wpf", "NekoLib.Navigation\PageNav.Wpf\NekoLib.Navigation.Wpf.csproj", "{50185016-C32C-4FC0-9C92-A77DC334586C}"
EndProject
Project("{2150E333-8FDC-42A3-9474-1A3956D46DE8}") = "NekoLib.Data.Internal", "NekoLib.Data.Internal", "{93A4EFFB-2CA3-4684-9699-855545A4EF29}"
EndProject
Project("{2150E333-8FDC-42A3-9474-1A3956D46DE8}") = "NekoLib.Diagnostics", "NekoLib.Diagnostics", "{A78740A8-FE33-45A6-92C7-091CAAEED5ED}"
EndProject
Project("{FAE04EC0-301F-11D3-BF4B-00C04F79EFBC}") = "NekoLib.Diagnostics.Abstractions", "NekoLib.Diagnostics.Abstractions\NekoLib.Diagnostics.Abstractions.csproj", "{E20DA372-2B01-4E61-89FD-50DCD86032CF}"
EndProject
Project("{FAE04EC0-301F-11D3-BF4B-00C04F79EFBC}") = "NekoLib.Diagnostics", "NekoLib.Diagnostics\NekoLib.Diagnostics.csproj", "{A09A2776-0E85-474D-AFA8-AE52E556A48F}"
EndProject
Project("{FAE04EC0-301F-11D3-BF4B-00C04F79EFBC}") = "NekoLib.Data.Internal.Gateway", "NekoLib.Data\NekoLib.Data.Internal\NekoLib.Data.Internal.Gateway.csproj", "{6C786950-5C00-74FB-606C-4845EA3E940D}"
EndProject
Project("{FAE04EC0-301F-11D3-BF4B-00C04F79EFBC}") = "NekoLib.Data.SqlServer", "NekoLib.Data\NekoLib.Data.SqlServer\NekoLib.Data.SqlServer.csproj", "{4CE34F02-1847-76F2-738E-82C84FB83AD3}"
EndProject
Project("{FAE04EC0-301F-11D3-BF4B-00C04F79EFBC}") = "NekoLib.Data.Access", "NekoLib.Data\NekoLib.Data.Access\NekoLib.Data.Access.csproj", "{815A3A05-6C59-DFE2-C26C-C7BF0F042497}"
EndProject
Project("{FAE04EC0-301F-11D3-BF4B-00C04F79EFBC}") = "NekoLib.Data", "NekoLib.Data\NekoLib.Data\NekoLib.Data.csproj", "{E27206AA-BC8A-45A8-B28A-DA9F99DAE3E2}"
EndProject
Project("{FAE04EC0-301F-11D3-BF4B-00C04F79EFBC}") = "NekoLib.Runtime.Watchdog", "NekoLib.Runtime.Watchdog\NekoLib.Runtime.Watchdog.csproj", "{98EDF815-D97C-491B-B52B-98683FC1316B}"
EndProject
Project("{FAE04EC0-301F-11D3-BF4B-00C04F79EFBC}") = "Demo", "Demo\Demo.csproj", "{D773C2F5-33E8-4042-B3F5-59F95E866973}"
EndProject
Project("{2150E333-8FDC-42A3-9474-1A3956D46DE8}") = "NekoLib.Tests", "NekoLib.Tests", "{6AE94524-5414-43B0-AFD0-FB10D950018C}"
EndProject
Project("{2150E333-8FDC-42A3-9474-1A3956D46DE8}") = "NekoLib.Tests.Watchdog", "NekoLib.Tests.Watchdog", "{FC4E8BAF-9520-4F27-B617-E1349177558D}"
EndProject
Project("{FAE04EC0-301F-11D3-BF4B-00C04F79EFBC}") = "DummyForm", "NekoLib.Tests\Watchdog\DummyForm\DummyForm.csproj", "{6639C2AE-FD87-436B-B6FC-F22D7595731C}"
EndProject
Global
	GlobalSection(SolutionConfigurationPlatforms) = preSolution
		Debug|Any CPU = Debug|Any CPU
		Release|Any CPU = Release|Any CPU
	EndGlobalSection
	GlobalSection(ProjectConfigurationPlatforms) = postSolution
		{4AE3BCDA-3731-8967-0271-3229DD2F034D}.Debug|Any CPU.ActiveCfg = Debug|Any CPU
		{4AE3BCDA-3731-8967-0271-3229DD2F034D}.Debug|Any CPU.Build.0 = Debug|Any CPU
		{4AE3BCDA-3731-8967-0271-3229DD2F034D}.Release|Any CPU.ActiveCfg = Release|Any CPU
		{4AE3BCDA-3731-8967-0271-3229DD2F034D}.Release|Any CPU.Build.0 = Release|Any CPU
		{08F2DB7D-CD39-4F0A-85A9-51094CF7A26B}.Debug|Any CPU.ActiveCfg = Debug|Any CPU
		{08F2DB7D-CD39-4F0A-85A9-51094CF7A26B}.Debug|Any CPU.Build.0 = Debug|Any CPU
		{08F2DB7D-CD39-4F0A-85A9-51094CF7A26B}.Release|Any CPU.ActiveCfg = Release|Any CPU
		{08F2DB7D-CD39-4F0A-85A9-51094CF7A26B}.Release|Any CPU.Build.0 = Release|Any CPU
		{9C8C117F-8D9E-A7DE-4271-14D3B3E619CE}.Debug|Any CPU.ActiveCfg = Debug|Any CPU
		{9C8C117F-8D9E-A7DE-4271-14D3B3E619CE}.Debug|Any CPU.Build.0 = Debug|Any CPU
		{9C8C117F-8D9E-A7DE-4271-14D3B3E619CE}.Release|Any CPU.ActiveCfg = Release|Any CPU
		{9C8C117F-8D9E-A7DE-4271-14D3B3E619CE}.Release|Any CPU.Build.0 = Release|Any CPU
		{0B883EB5-6DC5-69C7-684C-84E434B411F2}.Debug|Any CPU.ActiveCfg = Debug|Any CPU
		{0B883EB5-6DC5-69C7-684C-84E434B411F2}.Debug|Any CPU.Build.0 = Debug|Any CPU
		{0B883EB5-6DC5-69C7-684C-84E434B411F2}.Release|Any CPU.ActiveCfg = Release|Any CPU
		{0B883EB5-6DC5-69C7-684C-84E434B411F2}.Release|Any CPU.Build.0 = Release|Any CPU
		{50185016-C32C-4FC0-9C92-A77DC334586C}.Debug|Any CPU.ActiveCfg = Debug|Any CPU
		{50185016-C32C-4FC0-9C92-A77DC334586C}.Debug|Any CPU.Build.0 = Debug|Any CPU
		{50185016-C32C-4FC0-9C92-A77DC334586C}.Release|Any CPU.ActiveCfg = Release|Any CPU
		{50185016-C32C-4FC0-9C92-A77DC334586C}.Release|Any CPU.Build.0 = Release|Any CPU
		{E20DA372-2B01-4E61-89FD-50DCD86032CF}.Debug|Any CPU.ActiveCfg = Debug|Any CPU
		{E20DA372-2B01-4E61-89FD-50DCD86032CF}.Debug|Any CPU.Build.0 = Debug|Any CPU
		{E20DA372-2B01-4E61-89FD-50DCD86032CF}.Release|Any CPU.ActiveCfg = Release|Any CPU
		{E20DA372-2B01-4E61-89FD-50DCD86032CF}.Release|Any CPU.Build.0 = Release|Any CPU
		{A09A2776-0E85-474D-AFA8-AE52E556A48F}.Debug|Any CPU.ActiveCfg = Debug|Any CPU
		{A09A2776-0E85-474D-AFA8-AE52E556A48F}.Debug|Any CPU.Build.0 = Debug|Any CPU
		{A09A2776-0E85-474D-AFA8-AE52E556A48F}.Release|Any CPU.ActiveCfg = Release|Any CPU
		{A09A2776-0E85-474D-AFA8-AE52E556A48F}.Release|Any CPU.Build.0 = Release|Any CPU
		{6C786950-5C00-74FB-606C-4845EA3E940D}.Debug|Any CPU.ActiveCfg = Debug|Any CPU
		{6C786950-5C00-74FB-606C-4845EA3E940D}.Debug|Any CPU.Build.0 = Debug|Any CPU
		{6C786950-5C00-74FB-606C-4845EA3E940D}.Release|Any CPU.ActiveCfg = Release|Any CPU
		{6C786950-5C00-74FB-606C-4845EA3E940D}.Release|Any CPU.Build.0 = Release|Any CPU
		{4CE34F02-1847-76F2-738E-82C84FB83AD3}.Debug|Any CPU.ActiveCfg = Debug|Any CPU
		{4CE34F02-1847-76F2-738E-82C84FB83AD3}.Debug|Any CPU.Build.0 = Debug|Any CPU
		{4CE34F02-1847-76F2-738E-82C84FB83AD3}.Release|Any CPU.ActiveCfg = Release|Any CPU
		{4CE34F02-1847-76F2-738E-82C84FB83AD3}.Release|Any CPU.Build.0 = Release|Any CPU
		{815A3A05-6C59-DFE2-C26C-C7BF0F042497}.Debug|Any CPU.ActiveCfg = Debug|Any CPU
		{815A3A05-6C59-DFE2-C26C-C7BF0F042497}.Debug|Any CPU.Build.0 = Debug|Any CPU
		{815A3A05-6C59-DFE2-C26C-C7BF0F042497}.Release|Any CPU.ActiveCfg = Release|Any CPU
		{815A3A05-6C59-DFE2-C26C-C7BF0F042497}.Release|Any CPU.Build.0 = Release|Any CPU
		{E27206AA-BC8A-45A8-B28A-DA9F99DAE3E2}.Debug|Any CPU.ActiveCfg = Debug|Any CPU
		{E27206AA-BC8A-45A8-B28A-DA9F99DAE3E2}.Debug|Any CPU.Build.0 = Debug|Any CPU
		{E27206AA-BC8A-45A8-B28A-DA9F99DAE3E2}.Release|Any CPU.ActiveCfg = Release|Any CPU
		{E27206AA-BC8A-45A8-B28A-DA9F99DAE3E2}.Release|Any CPU.Build.0 = Release|Any CPU
		{98EDF815-D97C-491B-B52B-98683FC1316B}.Debug|Any CPU.ActiveCfg = Debug|Any CPU
		{98EDF815-D97C-491B-B52B-98683FC1316B}.Debug|Any CPU.Build.0 = Debug|Any CPU
		{98EDF815-D97C-491B-B52B-98683FC1316B}.Release|Any CPU.ActiveCfg = Release|Any CPU
		{98EDF815-D97C-491B-B52B-98683FC1316B}.Release|Any CPU.Build.0 = Release|Any CPU
		{D773C2F5-33E8-4042-B3F5-59F95E866973}.Debug|Any CPU.ActiveCfg = Debug|Any CPU
		{D773C2F5-33E8-4042-B3F5-59F95E866973}.Debug|Any CPU.Build.0 = Debug|Any CPU
		{D773C2F5-33E8-4042-B3F5-59F95E866973}.Release|Any CPU.ActiveCfg = Release|Any CPU
		{D773C2F5-33E8-4042-B3F5-59F95E866973}.Release|Any CPU.Build.0 = Release|Any CPU
		{6639C2AE-FD87-436B-B6FC-F22D7595731C}.Debug|Any CPU.ActiveCfg = Debug|Any CPU
		{6639C2AE-FD87-436B-B6FC-F22D7595731C}.Debug|Any CPU.Build.0 = Debug|Any CPU
		{6639C2AE-FD87-436B-B6FC-F22D7595731C}.Release|Any CPU.ActiveCfg = Release|Any CPU
		{6639C2AE-FD87-436B-B6FC-F22D7595731C}.Release|Any CPU.Build.0 = Release|Any CPU
	EndGlobalSection
	GlobalSection(SolutionProperties) = preSolution
		HideSolutionNode = FALSE
	EndGlobalSection
	GlobalSection(NestedProjects) = preSolution
		{4AE3BCDA-3731-8967-0271-3229DD2F034D} = {7DC331D0-3EC4-40A6-69FB-1CBEB2E0D1EA}
		{9C8C117F-8D9E-A7DE-4271-14D3B3E619CE} = {F3BB3910-8186-4204-BA94-221C617FAA58}
		{0B883EB5-6DC5-69C7-684C-84E434B411F2} = {F3BB3910-8186-4204-BA94-221C617FAA58}
		{50185016-C32C-4FC0-9C92-A77DC334586C} = {F3BB3910-8186-4204-BA94-221C617FAA58}
		{93A4EFFB-2CA3-4684-9699-855545A4EF29} = {02EA681E-C7D8-13C7-8484-4AC65E1B71E8}
		{E20DA372-2B01-4E61-89FD-50DCD86032CF} = {A78740A8-FE33-45A6-92C7-091CAAEED5ED}
		{A09A2776-0E85-474D-AFA8-AE52E556A48F} = {A78740A8-FE33-45A6-92C7-091CAAEED5ED}
		{6C786950-5C00-74FB-606C-4845EA3E940D} = {93A4EFFB-2CA3-4684-9699-855545A4EF29}
		{4CE34F02-1847-76F2-738E-82C84FB83AD3} = {02EA681E-C7D8-13C7-8484-4AC65E1B71E8}
		{815A3A05-6C59-DFE2-C26C-C7BF0F042497} = {02EA681E-C7D8-13C7-8484-4AC65E1B71E8}
		{E27206AA-BC8A-45A8-B28A-DA9F99DAE3E2} = {02EA681E-C7D8-13C7-8484-4AC65E1B71E8}
		{98EDF815-D97C-491B-B52B-98683FC1316B} = {643747C7-0307-8931-84D8-A7D1915E22E5}
		{FC4E8BAF-9520-4F27-B617-E1349177558D} = {6AE94524-5414-43B0-AFD0-FB10D950018C}
		{6639C2AE-FD87-436B-B6FC-F22D7595731C} = {FC4E8BAF-9520-4F27-B617-E1349177558D}
	EndGlobalSection
	GlobalSection(ExtensibilityGlobals) = postSolution
		SolutionGuid = {A6736775-B135-4E14-B467-8F36148928D4}
	EndGlobalSection
EndGlobal
