
Microsoft Visual Studio Solution File, Format Version 12.00
# Visual Studio Version 17
VisualStudioVersion = 17.14.36221.1 d17.14
MinimumVisualStudioVersion = 10.0.40219.1
Project("{FAE04EC0-301F-11D3-BF4B-00C04F79EFBC}") = "NekoHardware", "NekoHardware.csproj", "{50589618-4CF1-4EEC-ACC4-26F7213FF878}"
EndProject
Global
	GlobalSection(SolutionConfigurationPlatforms) = preSolution
		Debug|Any CPU = Debug|Any CPU
		Release|Any CPU = Release|Any CPU
	EndGlobalSection
	GlobalSection(ProjectConfigurationPlatforms) = postSolution
		{50589618-4CF1-4EEC-ACC4-26F7213FF878}.Debug|Any CPU.ActiveCfg = Debug|Any CPU
		{50589618-4CF1-4EEC-ACC4-26F7213FF878}.Debug|Any CPU.Build.0 = Debug|Any CPU
		{50589618-4CF1-4EEC-ACC4-26F7213FF878}.Release|Any CPU.ActiveCfg = Release|Any CPU
		{50589618-4CF1-4EEC-ACC4-26F7213FF878}.Release|Any CPU.Build.0 = Release|Any CPU
	EndGlobalSection
	GlobalSection(SolutionProperties) = preSolution
		HideSolutionNode = FALSE
	EndGlobalSection
	GlobalSection(ExtensibilityGlobals) = postSolution
		SolutionGuid = {BCE9D503-C4C2-4D07-AEEE-1403CA511C78}
	EndGlobalSection
EndGlobal
